
Microsoft Visual Studio Solution File, Format Version 12.00
# Visual Studio 15
VisualStudioVersion = 15.0.27428.2043
MinimumVisualStudioVersion = 10.0.40219.1
Project("{FAE04EC0-301F-11D3-BF4B-00C04F79EFBC}") = "PruebaCsharp", "PruebaCsharp\PruebaCsharp.csproj", "{F84C14A8-D747-4716-BE53-12A06C319FE1}"
EndProject
Global
	GlobalSection(SolutionConfigurationPlatforms) = preSolution
		Debug|Any CPU = Debug|Any CPU
		Release|Any CPU = Release|Any CPU
	EndGlobalSection
	GlobalSection(ProjectConfigurationPlatforms) = postSolution
		{F84C14A8-D747-4716-BE53-12A06C319FE1}.Debug|Any CPU.ActiveCfg = Debug|Any CPU
		{F84C14A8-D747-4716-BE53-12A06C319FE1}.Debug|Any CPU.Build.0 = Debug|Any CPU
		{F84C14A8-D747-4716-BE53-12A06C319FE1}.Release|Any CPU.ActiveCfg = Release|Any CPU
		{F84C14A8-D747-4716-BE53-12A06C319FE1}.Release|Any CPU.Build.0 = Release|Any CPU
	EndGlobalSection
	GlobalSection(SolutionProperties) = preSolution
		HideSolutionNode = FALSE
	EndGlobalSection
	GlobalSection(ExtensibilityGlobals) = postSolution
		SolutionGuid = {D2B69FD1-EE25-4850-93F1-697C8CD2242A}
	EndGlobalSection
EndGlobal
